
Microsoft Visual Studio Solution File, Format Version 12.00
# Visual Studio Version 16
VisualStudioVersion = 16.0.29009.5
MinimumVisualStudioVersion = 10.0.40219.1
Project("{FAE04EC0-301F-11D3-BF4B-00C04F79EFBC}") = "Shop", "Shop\Shop.csproj", "{963A370C-39C5-41F5-89F2-D17E123209C8}"
EndProject
Project("{FAE04EC0-301F-11D3-BF4B-00C04F79EFBC}") = "BLL", "BLL\BLL.csproj", "{3A71D5DA-1370-47AC-A703-265C84606078}"
EndProject
Project("{FAE04EC0-301F-11D3-BF4B-00C04F79EFBC}") = "DAL", "DAL\DAL.csproj", "{C5122884-6F3B-430C-B429-02898683570D}"
EndProject
Project("{FAE04EC0-301F-11D3-BF4B-00C04F79EFBC}") = "Model", "Model\Model.csproj", "{1BAD0DA2-F3C4-413F-B5EA-43EF484A19BA}"
EndProject
Project("{FAE04EC0-301F-11D3-BF4B-00C04F79EFBC}") = "Test", "Test\Test.csproj", "{B22888F4-05E1-4ED5-A3BE-69ACF0738F62}"
EndProject
Project("{FAE04EC0-301F-11D3-BF4B-00C04F79EFBC}") = "IDAL", "IDAL\IDAL.csproj", "{F8A90863-17C8-43A2-820C-8934743D4B2B}"
EndProject
Project("{FAE04EC0-301F-11D3-BF4B-00C04F79EFBC}") = "IBLL", "IBLL\IBLL.csproj", "{A87B4FFF-3BA5-402E-AD85-7D350D2FC9FC}"
EndProject
Project("{FAE04EC0-301F-11D3-BF4B-00C04F79EFBC}") = "COMMON", "COMMON\COMMON.csproj", "{D781F959-6694-4DAA-B801-6BC042857992}"
EndProject
Project("{FAE04EC0-301F-11D3-BF4B-00C04F79EFBC}") = "Constant", "Constant\Constant.csproj", "{29C00FE2-FF90-4BF6-9990-19780BF8E1E0}"
EndProject
Project("{FAE04EC0-301F-11D3-BF4B-00C04F79EFBC}") = "API", "API\API.csproj", "{84A87C78-5961-4E19-93CF-E20A58E48147}"
EndProject
Project("{FAE04EC0-301F-11D3-BF4B-00C04F79EFBC}") = "Img", "Img\Img.csproj", "{62DD97AC-B49E-4C0A-AFEC-85E2B3792033}"
EndProject
Project("{2150E333-8FDC-42A3-9474-1A3956D46DE8}") = "webform", "webform", "{3C7A37FB-160C-4C8E-B04E-1CF5654B75E5}"
EndProject
Project("{FAE04EC0-301F-11D3-BF4B-00C04F79EFBC}") = "WebformDome1", "WebformDome1\WebformDome1.csproj", "{63522A20-ADBA-485E-B029-953B13D34D83}"
EndProject
Project("{2150E333-8FDC-42A3-9474-1A3956D46DE8}") = "Core", "Core", "{7123C4EF-00C3-4810-B381-17C647C437B9}"
EndProject
Project("{9A19103F-16F7-4668-BE54-9A1E7A4F7556}") = "WebApplication1", "WebApplication1\WebApplication1.csproj", "{A6079DB4-1600-41FE-8763-1E928890BDB4}"
EndProject
Project("{9A19103F-16F7-4668-BE54-9A1E7A4F7556}") = "WebApplication2", "WebApplication2\WebApplication2.csproj", "{3DF4BFC3-60B7-4E57-A0A7-E44C4E019BC0}"
EndProject
Project("{FAE04EC0-301F-11D3-BF4B-00C04F79EFBC}") = "MySqlModel", "MySqlModel\MySqlModel.csproj", "{342E9B49-7A49-4CF3-B483-65F0D77DF218}"
EndProject
Global
	GlobalSection(SolutionConfigurationPlatforms) = preSolution
		Debug|Any CPU = Debug|Any CPU
		Release|Any CPU = Release|Any CPU
	EndGlobalSection
	GlobalSection(ProjectConfigurationPlatforms) = postSolution
		{963A370C-39C5-41F5-89F2-D17E123209C8}.Debug|Any CPU.ActiveCfg = Debug|Any CPU
		{963A370C-39C5-41F5-89F2-D17E123209C8}.Debug|Any CPU.Build.0 = Debug|Any CPU
		{963A370C-39C5-41F5-89F2-D17E123209C8}.Release|Any CPU.ActiveCfg = Release|Any CPU
		{963A370C-39C5-41F5-89F2-D17E123209C8}.Release|Any CPU.Build.0 = Release|Any CPU
		{3A71D5DA-1370-47AC-A703-265C84606078}.Debug|Any CPU.ActiveCfg = Debug|Any CPU
		{3A71D5DA-1370-47AC-A703-265C84606078}.Debug|Any CPU.Build.0 = Debug|Any CPU
		{3A71D5DA-1370-47AC-A703-265C84606078}.Release|Any CPU.ActiveCfg = Release|Any CPU
		{3A71D5DA-1370-47AC-A703-265C84606078}.Release|Any CPU.Build.0 = Release|Any CPU
		{C5122884-6F3B-430C-B429-02898683570D}.Debug|Any CPU.ActiveCfg = Debug|Any CPU
		{C5122884-6F3B-430C-B429-02898683570D}.Debug|Any CPU.Build.0 = Debug|Any CPU
		{C5122884-6F3B-430C-B429-02898683570D}.Release|Any CPU.ActiveCfg = Release|Any CPU
		{C5122884-6F3B-430C-B429-02898683570D}.Release|Any CPU.Build.0 = Release|Any CPU
		{1BAD0DA2-F3C4-413F-B5EA-43EF484A19BA}.Debug|Any CPU.ActiveCfg = Debug|Any CPU
		{1BAD0DA2-F3C4-413F-B5EA-43EF484A19BA}.Debug|Any CPU.Build.0 = Debug|Any CPU
		{1BAD0DA2-F3C4-413F-B5EA-43EF484A19BA}.Release|Any CPU.ActiveCfg = Release|Any CPU
		{1BAD0DA2-F3C4-413F-B5EA-43EF484A19BA}.Release|Any CPU.Build.0 = Release|Any CPU
		{B22888F4-05E1-4ED5-A3BE-69ACF0738F62}.Debug|Any CPU.ActiveCfg = Debug|Any CPU
		{B22888F4-05E1-4ED5-A3BE-69ACF0738F62}.Debug|Any CPU.Build.0 = Debug|Any CPU
		{B22888F4-05E1-4ED5-A3BE-69ACF0738F62}.Release|Any CPU.ActiveCfg = Release|Any CPU
		{B22888F4-05E1-4ED5-A3BE-69ACF0738F62}.Release|Any CPU.Build.0 = Release|Any CPU
		{F8A90863-17C8-43A2-820C-8934743D4B2B}.Debug|Any CPU.ActiveCfg = Debug|Any CPU
		{F8A90863-17C8-43A2-820C-8934743D4B2B}.Debug|Any CPU.Build.0 = Debug|Any CPU
		{F8A90863-17C8-43A2-820C-8934743D4B2B}.Release|Any CPU.ActiveCfg = Release|Any CPU
		{F8A90863-17C8-43A2-820C-8934743D4B2B}.Release|Any CPU.Build.0 = Release|Any CPU
		{A87B4FFF-3BA5-402E-AD85-7D350D2FC9FC}.Debug|Any CPU.ActiveCfg = Debug|Any CPU
		{A87B4FFF-3BA5-402E-AD85-7D350D2FC9FC}.Debug|Any CPU.Build.0 = Debug|Any CPU
		{A87B4FFF-3BA5-402E-AD85-7D350D2FC9FC}.Release|Any CPU.ActiveCfg = Release|Any CPU
		{A87B4FFF-3BA5-402E-AD85-7D350D2FC9FC}.Release|Any CPU.Build.0 = Release|Any CPU
		{D781F959-6694-4DAA-B801-6BC042857992}.Debug|Any CPU.ActiveCfg = Debug|Any CPU
		{D781F959-6694-4DAA-B801-6BC042857992}.Debug|Any CPU.Build.0 = Debug|Any CPU
		{D781F959-6694-4DAA-B801-6BC042857992}.Release|Any CPU.ActiveCfg = Release|Any CPU
		{D781F959-6694-4DAA-B801-6BC042857992}.Release|Any CPU.Build.0 = Release|Any CPU
		{29C00FE2-FF90-4BF6-9990-19780BF8E1E0}.Debug|Any CPU.ActiveCfg = Debug|Any CPU
		{29C00FE2-FF90-4BF6-9990-19780BF8E1E0}.Debug|Any CPU.Build.0 = Debug|Any CPU
		{29C00FE2-FF90-4BF6-9990-19780BF8E1E0}.Release|Any CPU.ActiveCfg = Release|Any CPU
		{29C00FE2-FF90-4BF6-9990-19780BF8E1E0}.Release|Any CPU.Build.0 = Release|Any CPU
		{84A87C78-5961-4E19-93CF-E20A58E48147}.Debug|Any CPU.ActiveCfg = Debug|Any CPU
		{84A87C78-5961-4E19-93CF-E20A58E48147}.Debug|Any CPU.Build.0 = Debug|Any CPU
		{84A87C78-5961-4E19-93CF-E20A58E48147}.Release|Any CPU.ActiveCfg = Release|Any CPU
		{84A87C78-5961-4E19-93CF-E20A58E48147}.Release|Any CPU.Build.0 = Release|Any CPU
		{62DD97AC-B49E-4C0A-AFEC-85E2B3792033}.Debug|Any CPU.ActiveCfg = Debug|Any CPU
		{62DD97AC-B49E-4C0A-AFEC-85E2B3792033}.Debug|Any CPU.Build.0 = Debug|Any CPU
		{62DD97AC-B49E-4C0A-AFEC-85E2B3792033}.Release|Any CPU.ActiveCfg = Release|Any CPU
		{62DD97AC-B49E-4C0A-AFEC-85E2B3792033}.Release|Any CPU.Build.0 = Release|Any CPU
		{63522A20-ADBA-485E-B029-953B13D34D83}.Debug|Any CPU.ActiveCfg = Debug|Any CPU
		{63522A20-ADBA-485E-B029-953B13D34D83}.Debug|Any CPU.Build.0 = Debug|Any CPU
		{63522A20-ADBA-485E-B029-953B13D34D83}.Release|Any CPU.ActiveCfg = Release|Any CPU
		{63522A20-ADBA-485E-B029-953B13D34D83}.Release|Any CPU.Build.0 = Release|Any CPU
		{A6079DB4-1600-41FE-8763-1E928890BDB4}.Debug|Any CPU.ActiveCfg = Debug|Any CPU
		{A6079DB4-1600-41FE-8763-1E928890BDB4}.Debug|Any CPU.Build.0 = Debug|Any CPU
		{A6079DB4-1600-41FE-8763-1E928890BDB4}.Release|Any CPU.ActiveCfg = Release|Any CPU
		{A6079DB4-1600-41FE-8763-1E928890BDB4}.Release|Any CPU.Build.0 = Release|Any CPU
		{3DF4BFC3-60B7-4E57-A0A7-E44C4E019BC0}.Debug|Any CPU.ActiveCfg = Debug|Any CPU
		{3DF4BFC3-60B7-4E57-A0A7-E44C4E019BC0}.Debug|Any CPU.Build.0 = Debug|Any CPU
		{3DF4BFC3-60B7-4E57-A0A7-E44C4E019BC0}.Release|Any CPU.ActiveCfg = Release|Any CPU
		{3DF4BFC3-60B7-4E57-A0A7-E44C4E019BC0}.Release|Any CPU.Build.0 = Release|Any CPU
		{342E9B49-7A49-4CF3-B483-65F0D77DF218}.Debug|Any CPU.ActiveCfg = Debug|Any CPU
		{342E9B49-7A49-4CF3-B483-65F0D77DF218}.Debug|Any CPU.Build.0 = Debug|Any CPU
		{342E9B49-7A49-4CF3-B483-65F0D77DF218}.Release|Any CPU.ActiveCfg = Release|Any CPU
		{342E9B49-7A49-4CF3-B483-65F0D77DF218}.Release|Any CPU.Build.0 = Release|Any CPU
	EndGlobalSection
	GlobalSection(SolutionProperties) = preSolution
		HideSolutionNode = FALSE
	EndGlobalSection
	GlobalSection(NestedProjects) = preSolution
		{63522A20-ADBA-485E-B029-953B13D34D83} = {3C7A37FB-160C-4C8E-B04E-1CF5654B75E5}
		{A6079DB4-1600-41FE-8763-1E928890BDB4} = {7123C4EF-00C3-4810-B381-17C647C437B9}
		{3DF4BFC3-60B7-4E57-A0A7-E44C4E019BC0} = {7123C4EF-00C3-4810-B381-17C647C437B9}
	EndGlobalSection
	GlobalSection(ExtensibilityGlobals) = postSolution
		SolutionGuid = {EF8AAAD9-D99A-47E6-9583-A580A560F16B}
	EndGlobalSection
EndGlobal
